<Solution>
  <Folder Name="/sdk/">
    <Project Path="../../packages/sdk-csharp/DeadairSdk.csproj" />
  </Folder>
  <Folder Name="/src/">
    <Project Path="src/MaroonedSoftware.Deadair.Desktop.PluginSdk/MaroonedSoftware.Deadair.Desktop.PluginSdk.csproj" />
    <Project Path="src/MaroonedSoftware.Deadair.Desktop.Core/MaroonedSoftware.Deadair.Desktop.Core.csproj" />
    <Project Path="src/MaroonedSoftware.Deadair.Desktop.Player.Mac/MaroonedSoftware.Deadair.Desktop.Player.Mac.csproj" />
    <Project Path="src/MaroonedSoftware.Deadair.Desktop/MaroonedSoftware.Deadair.Desktop.csproj" />
  </Folder>
  <Folder Name="/tests/">
    <Project Path="tests/MaroonedSoftware.Deadair.Sdk.Tests/MaroonedSoftware.Deadair.Sdk.Tests.csproj" />
    <Project Path="tests/MaroonedSoftware.Deadair.Desktop.Core.Tests/MaroonedSoftware.Deadair.Desktop.Core.Tests.csproj" />
    <Project Path="tests/MaroonedSoftware.Deadair.Desktop.PluginSdk.Fixture/MaroonedSoftware.Deadair.Desktop.PluginSdk.Fixture.csproj" />
  </Folder>
  <Folder Name="/tools/">
    <Project Path="spikes/PlayerSpike/PlayerSpike.csproj" />
    <Project Path="tools/Shots/Shots.csproj" />
  </Folder>
</Solution>
